
Microsoft Visual Studio Solution File, Format Version 12.00
# Visual Studio 15
VisualStudioVersion = 15.0.28010.2036
MinimumVisualStudioVersion = 10.0.40219.1
Project("{FAE04EC0-301F-11D3-BF4B-00C04F79EFBC}") = "Console.Spire", "Console.Spire.csproj", "{7F83B14E-9B19-4421-AB00-7AD3078E7755}"
EndProject
Global
	GlobalSection(SolutionConfigurationPlatforms) = preSolution
		Debug|Any CPU = Debug|Any CPU
		Release|Any CPU = Release|Any CPU
	EndGlobalSection
	GlobalSection(ProjectConfigurationPlatforms) = postSolution
		{7F83B14E-9B19-4421-AB00-7AD3078E7755}.Debug|Any CPU.ActiveCfg = Debug|Any CPU
		{7F83B14E-9B19-4421-AB00-7AD3078E7755}.Debug|Any CPU.Build.0 = Debug|Any CPU
		{7F83B14E-9B19-4421-AB00-7AD3078E7755}.Release|Any CPU.ActiveCfg = Release|Any CPU
		{7F83B14E-9B19-4421-AB00-7AD3078E7755}.Release|Any CPU.Build.0 = Release|Any CPU
	EndGlobalSection
	GlobalSection(SolutionProperties) = preSolution
		HideSolutionNode = FALSE
	EndGlobalSection
	GlobalSection(ExtensibilityGlobals) = postSolution
		SolutionGuid = {4806F035-B764-486D-8354-152DB3B32ED1}
	EndGlobalSection
EndGlobal
